
Microsoft Visual Studio Solution File, Format Version 12.00
# Visual Studio 15
VisualStudioVersion = 15.0.28010.2041
MinimumVisualStudioVersion = 10.0.40219.1
Project("{FAE04EC0-301F-11D3-BF4B-00C04F79EFBC}") = "Aenor.MigracionTerceros", "Aenor.MigracionTerceros\Aenor.MigracionTerceros.csproj", "{5F2ECE85-45DE-406B-8C99-CE9FF2934CA3}"
EndProject
Project("{FAE04EC0-301F-11D3-BF4B-00C04F79EFBC}") = "PruebaCargaSDK", "ConsoleApp1\PruebaCargaSDK.csproj", "{54FA305D-3E64-4445-9B39-0058F813DE4B}"
EndProject
Project("{FAE04EC0-301F-11D3-BF4B-00C04F79EFBC}") = "Aenor.MigracionProductos", "Aenor.MigracionProductos\Aenor.MigracionProductos.csproj", "{A0AE7C69-F774-486D-8231-339EADE5CFD7}"
EndProject
Project("{FAE04EC0-301F-11D3-BF4B-00C04F79EFBC}") = "Aenor.MigracionPublicaciones", "Aenor.MigracionPublicaciones\Aenor.MigracionPublicaciones.csproj", "{8A5E7AD5-FDA7-4D98-9052-33B5A7038F6B}"
EndProject
Project("{FAE04EC0-301F-11D3-BF4B-00C04F79EFBC}") = "Aenor.MigracionFormacion", "Aenor.MigracionFormacion\Aenor.MigracionFormacion.csproj", "{16DEFB4E-2B52-4AF2-99C8-BDD764F6240D}"
EndProject
Project("{FAE04EC0-301F-11D3-BF4B-00C04F79EFBC}") = "Aenor.MigracionProductosInternacionales", "Aenor.MigracionProductosInternacionales\Aenor.MigracionProductosInternacionales.csproj", "{B4BC37C8-44F8-4D80-88D4-4361393039D8}"
EndProject
Global
	GlobalSection(SolutionConfigurationPlatforms) = preSolution
		Debug|Any CPU = Debug|Any CPU
		Release|Any CPU = Release|Any CPU
	EndGlobalSection
	GlobalSection(ProjectConfigurationPlatforms) = postSolution
		{5F2ECE85-45DE-406B-8C99-CE9FF2934CA3}.Debug|Any CPU.ActiveCfg = Debug|Any CPU
		{5F2ECE85-45DE-406B-8C99-CE9FF2934CA3}.Debug|Any CPU.Build.0 = Debug|Any CPU
		{5F2ECE85-45DE-406B-8C99-CE9FF2934CA3}.Release|Any CPU.ActiveCfg = Release|Any CPU
		{5F2ECE85-45DE-406B-8C99-CE9FF2934CA3}.Release|Any CPU.Build.0 = Release|Any CPU
		{54FA305D-3E64-4445-9B39-0058F813DE4B}.Debug|Any CPU.ActiveCfg = Debug|Any CPU
		{54FA305D-3E64-4445-9B39-0058F813DE4B}.Debug|Any CPU.Build.0 = Debug|Any CPU
		{54FA305D-3E64-4445-9B39-0058F813DE4B}.Release|Any CPU.ActiveCfg = Release|Any CPU
		{54FA305D-3E64-4445-9B39-0058F813DE4B}.Release|Any CPU.Build.0 = Release|Any CPU
		{A0AE7C69-F774-486D-8231-339EADE5CFD7}.Debug|Any CPU.ActiveCfg = Debug|Any CPU
		{A0AE7C69-F774-486D-8231-339EADE5CFD7}.Debug|Any CPU.Build.0 = Debug|Any CPU
		{A0AE7C69-F774-486D-8231-339EADE5CFD7}.Release|Any CPU.ActiveCfg = Release|Any CPU
		{A0AE7C69-F774-486D-8231-339EADE5CFD7}.Release|Any CPU.Build.0 = Release|Any CPU
		{8A5E7AD5-FDA7-4D98-9052-33B5A7038F6B}.Debug|Any CPU.ActiveCfg = Debug|Any CPU
		{8A5E7AD5-FDA7-4D98-9052-33B5A7038F6B}.Debug|Any CPU.Build.0 = Debug|Any CPU
		{8A5E7AD5-FDA7-4D98-9052-33B5A7038F6B}.Release|Any CPU.ActiveCfg = Release|Any CPU
		{8A5E7AD5-FDA7-4D98-9052-33B5A7038F6B}.Release|Any CPU.Build.0 = Release|Any CPU
		{16DEFB4E-2B52-4AF2-99C8-BDD764F6240D}.Debug|Any CPU.ActiveCfg = Debug|Any CPU
		{16DEFB4E-2B52-4AF2-99C8-BDD764F6240D}.Debug|Any CPU.Build.0 = Debug|Any CPU
		{16DEFB4E-2B52-4AF2-99C8-BDD764F6240D}.Release|Any CPU.ActiveCfg = Release|Any CPU
		{16DEFB4E-2B52-4AF2-99C8-BDD764F6240D}.Release|Any CPU.Build.0 = Release|Any CPU
		{B4BC37C8-44F8-4D80-88D4-4361393039D8}.Debug|Any CPU.ActiveCfg = Debug|Any CPU
		{B4BC37C8-44F8-4D80-88D4-4361393039D8}.Debug|Any CPU.Build.0 = Debug|Any CPU
		{B4BC37C8-44F8-4D80-88D4-4361393039D8}.Release|Any CPU.ActiveCfg = Release|Any CPU
		{B4BC37C8-44F8-4D80-88D4-4361393039D8}.Release|Any CPU.Build.0 = Release|Any CPU
	EndGlobalSection
	GlobalSection(SolutionProperties) = preSolution
		HideSolutionNode = FALSE
	EndGlobalSection
	GlobalSection(ExtensibilityGlobals) = postSolution
		SolutionGuid = {23EF397F-88B1-4D59-B141-EC88EA969A37}
	EndGlobalSection
EndGlobal
